<?xml version="1.0" encoding="utf-8"?>
<Project ToolsVersion="4.0" xmlns="http://schemas.microsoft.com/developer/msbuild/2003">
  <ItemGroup>
    <ClCompile Include="DtSample.cpp">
      <Filter>源文件</Filter>
    </ClCompile>
    <ClCompile Include="DtSampleDlg.cpp">
      <Filter>源文件</Filter>
    </ClCompile>
    <ClCompile Include="stdafx.cpp">
      <Filter>源文件</Filter>
    </ClCompile>
    <ClCompile Include="DtCarFunction.cpp">
      <Filter>源文件</Filter>
    </ClCompile>
    <ClCompile Include="DtFileOperate.cpp">
      <Filter>源文件</Filter>
    </ClCompile>
    <ClCompile Include="I2CDebug.cpp">
      <Filter>源文件</Filter>
    </ClCompile>
  </ItemGroup>
  <ItemGroup>
    <ClInclude Include="DtSample.h">
      <Filter>头文件</Filter>
    </ClInclude>
    <ClInclude Include="DtSampleDlg.h">
      <Filter>头文件</Filter>
    </ClInclude>
    <ClInclude Include="Resource.h">
      <Filter>头文件</Filter>
    </ClInclude>
    <ClInclude Include="stdafx.h">
      <Filter>头文件</Filter>
    </ClInclude>
    <ClInclude Include="targetver.h">
      <Filter>头文件</Filter>
    </ClInclude>
    <ClInclude Include="DtCarFunction.h">
      <Filter>头文件</Filter>
    </ClInclude>
    <ClInclude Include="DtFileOperate.h">
      <Filter>头文件</Filter>
    </ClInclude>
    <ClInclude Include="I2CDebug.h">
      <Filter>头文件</Filter>
    </ClInclude>
  </ItemGroup>
  <ItemGroup>
    <None Include="ReadMe.txt">
      <Filter>资源文件</Filter>
    </None>
    <None Include="res\DtSample.ico">
      <Filter>资源文件</Filter>
    </None>
    <None Include="res\DtSample.rc2">
      <Filter>资源文件</Filter>
    </None>
  </ItemGroup>
  <ItemGroup>
    <Filter Include="源文件">
      <UniqueIdentifier>{96ece484-091e-4482-ae48-8759b1415dec}</UniqueIdentifier>
    </Filter>
    <Filter Include="头文件">
      <UniqueIdentifier>{5a3901c3-0828-4491-911c-12bdc57de744}</UniqueIdentifier>
    </Filter>
    <Filter Include="资源文件">
      <UniqueIdentifier>{699e7874-45c7-4fa7-bf9b-9891e47a07dc}</UniqueIdentifier>
    </Filter>
  </ItemGroup>
  <ItemGroup>
    <ResourceCompile Include="DtSample.rc">
      <Filter>资源文件</Filter>
    </ResourceCompile>
  </ItemGroup>
</Project>